// !$*UTF8*$!
{
	archiveVersion = 1;
	classes = {
	};
	objectVersion = 46;
	objects = {

/* Begin PBXBuildFile section */
		34F4FE6B1F75DC9800654D6B /* AppDelegate.swift in Sources */ = {isa = PBXBuildFile; fileRef = 34F4FE6A1F75DC9800654D6B /* AppDelegate.swift */; };
		34F4FE701F75DC9800654D6B /* Main.storyboard in Resources */ = {isa = PBXBuildFile; fileRef = 34F4FE6E1F75DC9800654D6B /* Main.storyboard */; };
		34F4FE721F75DC9800654D6B /* Assets.xcassets in Resources */ = {isa = PBXBuildFile; fileRef = 34F4FE711F75DC9800654D6B /* Assets.xcassets */; };
		34F4FE751F75DC9800654D6B /* LaunchScreen.storyboard in Resources */ = {isa = PBXBuildFile; fileRef = 34F4FE731F75DC9800654D6B /* LaunchScreen.storyboard */; };
		34F4FE7F1F75DD0800654D6B /* StoryInput.swift in Sources */ = {isa = PBXBuildFile; fileRef = 34F4FE7E1F75DD0800654D6B /* StoryInput.swift */; };
		34F4FE811F75DD1700654D6B /* StoryOutput.swift in Sources */ = {isa = PBXBuildFile; fileRef = 34F4FE801F75DD1700654D6B /* StoryOutput.swift */; };
/* End PBXBuildFile section */

/* Begin PBXFileReference section */
		34F4FE671F75DC9800654D6B /* SillyStories-Culbreth2.app */ = {isa = PBXFileReference; explicitFileType = wrapper.application; includeInIndex = 0; path = "SillyStories-Culbreth2.app"; sourceTree = BUILT_PRODUCTS_DIR; };
		34F4FE6A1F75DC9800654D6B /* AppDelegate.swift */ = {isa = PBXFileReference; lastKnownFileType = sourcecode.swift; path = AppDelegate.swift; sourceTree = "<group>"; };
		34F4FE6F1F75DC9800654D6B /* Base */ = {isa = PBXFileReference; lastKnownFileType = file.storyboard; name = Base; path = Base.lproj/Main.storyboard; sourceTree = "<group>"; };
		34F4FE711F75DC9800654D6B /* Assets.xcassets */ = {isa = PBXFileReference; lastKnownFileType = folder.assetcatalog; path = Assets.xcassets; sourceTree = "<group>"; };
		34F4FE741F75DC9800654D6B /* Base */ = {isa = PBXFileReference; lastKnownFileType = file.storyboard; name = Base; path = Base.lproj/LaunchScreen.storyboard; sourceTree = "<group>"; };
		34F4FE761F75DC9800654D6B /* Info.plist */ = {isa = PBXFileReference; lastKnownFileType = text.plist.xml; path = Info.plist; sourceTree = "<group>"; };
		34F4FE7E1F75DD0800654D6B /* StoryInput.swift */ = {isa = PBXFileReference; fileEncoding = 4; lastKnownFileType = sourcecode.swift; path = StoryInput.swift; sourceTree = "<group>"; };
		34F4FE801F75DD1700654D6B /* StoryOutput.swift */ = {isa = PBXFileReference; fileEncoding = 4; lastKnownFileType = sourcecode.swift; path = StoryOutput.swift; sourceTree = "<group>"; };
/* End PBXFileReference section */

/* Begin PBXFrameworksBuildPhase section */
		34F4FE641F75DC9800654D6B /* Frameworks */ = {
			isa = PBXFrameworksBuildPhase;
			buildActionMask = 2147483647;
			files = (
			);
			runOnlyForDeploymentPostprocessing = 0;
		};
/* End PBXFrameworksBuildPhase section */

/* Begin PBXGroup section */
		34F4FE5E1F75DC9800654D6B = {
			isa = PBXGroup;
			children = (
				34F4FE691F75DC9800654D6B /* SillyStories-Culbreth2 */,
				34F4FE681F75DC9800654D6B /* Products */,
			);
			sourceTree = "<group>";
		};
		34F4FE681F75DC9800654D6B /* Products */ = {
			isa = PBXGroup;
			children = (
				34F4FE671F75DC9800654D6B /* SillyStories-Culbreth2.app */,
			);
			name = Products;
			sourceTree = "<group>";
		};
		34F4FE691F75DC9800654D6B /* SillyStories-Culbreth2 */ = {
			isa = PBXGroup;
			children = (
				34F4FE7D1F75DCD000654D6B /* View */,
				34F4FE7C1F75DCBB00654D6B /* Controller */,
				34F4FE761F75DC9800654D6B /* Info.plist */,
			);
			path = "SillyStories-Culbreth2";
			sourceTree = "<group>";
		};
		34F4FE7C1F75DCBB00654D6B /* Controller */ = {
			isa = PBXGroup;
			children = (
				34F4FE6A1F75DC9800654D6B /* AppDelegate.swift */,
				34F4FE7E1F75DD0800654D6B /* StoryInput.swift */,
				34F4FE801F75DD1700654D6B /* StoryOutput.swift */,
			);
			name = Controller;
			sourceTree = "<group>";
		};
		34F4FE7D1F75DCD000654D6B /* View */ = {
			isa = PBXGroup;
			children = (
				34F4FE6E1F75DC9800654D6B /* Main.storyboard */,
				34F4FE711F75DC9800654D6B /* Assets.xcassets */,
				34F4FE731F75DC9800654D6B /* LaunchScreen.storyboard */,
			);
			name = View;
			sourceTree = "<group>";
		};
/* End PBXGroup section */

/* Begin PBXNativeTarget section */
		34F4FE661F75DC9800654D6B /* SillyStories-Culbreth2 */ = {
			isa = PBXNativeTarget;
			buildConfigurationList = 34F4FE791F75DC9800654D6B /* Build configuration list for PBXNativeTarget "SillyStories-Culbreth2" */;
			buildPhases = (
				34F4FE631F75DC9800654D6B /* Sources */,
				34F4FE641F75DC9800654D6B /* Frameworks */,
				34F4FE651F75DC9800654D6B /* Resources */,
			);
			buildRules = (
			);
			dependencies = (
			);
			name = "SillyStories-Culbreth2";
			productName = "SillyStories-Culbreth2";
			productReference = 34F4FE671F75DC9800654D6B /* SillyStories-Culbreth2.app */;
			productType = "com.apple.product-type.application";
		};
/* End PBXNativeTarget section */

/* Begin PBXProject section */
		34F4FE5F1F75DC9800654D6B /* Project object */ = {
			isa = PBXProject;
			attributes = {
				LastSwiftUpdateCheck = 0830;
				LastUpgradeCheck = 0830;
				ORGANIZATIONNAME = "Natasha Culbreth";
				TargetAttributes = {
					34F4FE661F75DC9800654D6B = {
						CreatedOnToolsVersion = 8.3.3;
						ProvisioningStyle = Automatic;
					};
				};
			};
			buildConfigurationList = 34F4FE621F75DC9800654D6B /* Build configuration list for PBXProject "SillyStories-Culbreth2" */;
			compatibilityVersion = "Xcode 3.2";
			developmentRegion = English;
			hasScannedForEncodings = 0;
			knownRegions = (
				en,
				Base,
			);
			mainGroup = 34F4FE5E1F75DC9800654D6B;
			productRefGroup = 34F4FE681F75DC9800654D6B /* Products */;
			projectDirPath = "";
			projectRoot = "";
			targets = (
				34F4FE661F75DC9800654D6B /* SillyStories-Culbreth2 */,
			);
		};
/* End PBXProject section */

/* Begin PBXResourcesBuildPhase section */
		34F4FE651F75DC9800654D6B /* Resources */ = {
			isa = PBXResourcesBuildPhase;
			buildActionMask = 2147483647;
			files = (
				34F4FE751F75DC9800654D6B /* LaunchScreen.storyboard in Resources */,
				34F4FE721F75DC9800654D6B /* Assets.xcassets in Resources */,
				34F4FE701F75DC9800654D6B /* Main.storyboard in Resources */,
			);
			runOnlyForDeploymentPostprocessing = 0;
		};
/* End PBXResourcesBuildPhase section */

/* Begin PBXSourcesBuildPhase section */
		34F4FE631F75DC9800654D6B /* Sources */ = {
			isa = PBXSourcesBuildPhase;
			buildActionMask = 2147483647;
			files = (
				34F4FE811F75DD1700654D6B /* StoryOutput.swift in Sources */,
				34F4FE7F1F75DD0800654D6B /* StoryInput.swift in Sources */,
				34F4FE6B1F75DC9800654D6B /* AppDelegate.swift in Sources */,
			);
			runOnlyForDeploymentPostprocessing = 0;
		};
/* End PBXSourcesBuildPhase section */

/* Begin PBXVariantGroup section */
		34F4FE6E1F75DC9800654D6B /* Main.storyboard */ = {
			isa = PBXVariantGroup;
			children = (
				34F4FE6F1F75DC9800654D6B /* Base */,
			);
			name = Main.storyboard;
			sourceTree = "<group>";
		};
		34F4FE731F75DC9800654D6B /* LaunchScreen.storyboard */ = {
			isa = PBXVariantGroup;
			children = (
				34F4FE741F75DC9800654D6B /* Base */,
			);
			name = LaunchScreen.storyboard;
			sourceTree = "<group>";
		};
/* End PBXVariantGroup section */

/* Begin XCBuildConfiguration section */
		34F4FE771F75DC9800654D6B /* Debug */ = {
			isa = XCBuildConfiguration;
			buildSettings = {
				ALWAYS_SEARCH_USER_PATHS = NO;
				CLANG_ANALYZER_NONNULL = YES;
				CLANG_ANALYZER_NUMBER_OBJECT_CONVERSION = YES_AGGRESSIVE;
				CLANG_CXX_LANGUAGE_STANDARD = "gnu++0x";
				CLANG_CXX_LIBRARY = "libc++";
				CLANG_ENABLE_MODULES = YES;
				CLANG_ENABLE_OBJC_ARC = YES;
				CLANG_WARN_BOOL_CONVERSION = YES;
				CLANG_WARN_CONSTANT_CONVERSION = YES;
				CLANG_WARN_DIRECT_OBJC_ISA_USAGE = YES_ERROR;
				CLANG_WARN_DOCUMENTATION_COMMENTS = YES;
				CLANG_WARN_EMPTY_BODY = YES;
				CLANG_WARN_ENUM_CONVERSION = YES;
				CLANG_WARN_INFINITE_RECURSION = YES;
				CLANG_WARN_INT_CONVERSION = YES;
				CLANG_WARN_OBJC_ROOT_CLASS = YES_ERROR;
				CLANG_WARN_SUSPICIOUS_MOVE = YES;
				CLANG_WARN_UNREACHABLE_CODE = YES;
				CLANG_WARN__DUPLICATE_METHOD_MATCH = YES;
				"CODE_SIGN_IDENTITY[sdk=iphoneos*]" = "iPhone Developer";
				COPY_PHASE_STRIP = NO;
				DEBUG_INFORMATION_FORMAT = dwarf;
				ENABLE_STRICT_OBJC_MSGSEND = YES;
				ENABLE_TESTABILITY = YES;
				GCC_C_LANGUAGE_STANDARD = gnu99;
				GCC_DYNAMIC_NO_PIC = NO;
				GCC_NO_COMMON_BLOCKS = YES;
				GCC_OPTIMIZATION_LEVEL = 0;
				GCC_PREPROCESSOR_DEFINITIONS = (
					"DEBUG=1",
					"$(inherited)",
				);
				GCC_WARN_64_TO_32_BIT_CONVERSION = YES;
				GCC_WARN_ABOUT_RETURN_TYPE = YES_ERROR;
				GCC_WARN_UNDECLARED_SELECTOR = YES;
				GCC_WARN_UNINITIALIZED_AUTOS = YES_AGGRESSIVE;
				GCC_WARN_UNUSED_FUNCTION = YES;
				GCC_WARN_UNUSED_VARIABLE = YES;
				IPHONEOS_DEPLOYMENT_TARGET = 10.3;
				MTL_ENABLE_DEBUG_INFO = YES;
				ONLY_ACTIVE_ARCH = YES;
				SDKROOT = iphoneos;
				SWIFT_ACTIVE_COMPILATION_CONDITIONS = DEBUG;
				SWIFT_OPTIMIZATION_LEVEL = "-Onone";
				TARGETED_DEVICE_FAMILY = "1,2";
			};
			name = Debug;
		};
		34F4FE781F75DC9800654D6B /* Release */ = {
			isa = XCBuildConfiguration;
			buildSettings = {
				ALWAYS_SEARCH_USER_PATHS = NO;
				CLANG_ANALYZER_NONNULL = YES;
				CLANG_ANALYZER_NUMBER_OBJECT_CONVERSION = YES_AGGRESSIVE;
				CLANG_CXX_LANGUAGE_STANDARD = "gnu++0x";
				CLANG_CXX_LIBRARY = "libc++";
				CLANG_ENABLE_MODULES = YES;
				CLANG_ENABLE_OBJC_ARC = YES;
				CLANG_WARN_BOOL_CONVERSION = YES;
				CLANG_WARN_CONSTANT_CONVERSION = YES;
				CLANG_WARN_DIRECT_OBJC_ISA_USAGE = YES_ERROR;
				CLANG_WARN_DOCUMENTATION_COMMENTS = YES;
				CLANG_WARN_EMPTY_BODY = YES;
				CLANG_WARN_ENUM_CONVERSION = YES;
				CLANG_WARN_INFINITE_RECURSION = YES;
				CLANG_WARN_INT_CONVERSION = YES;
				CLANG_WARN_OBJC_ROOT_CLASS = YES_ERROR;
				CLANG_WARN_SUSPICIOUS_MOVE = YES;
				CLANG_WARN_UNREACHABLE_CODE = YES;
				CLANG_WARN__DUPLICATE_METHOD_MATCH = YES;
				"CODE_SIGN_IDENTITY[sdk=iphoneos*]" = "iPhone Developer";
				COPY_PHASE_STRIP = NO;
				DEBUG_INFORMATION_FORMAT = "dwarf-with-dsym";
				ENABLE_NS_ASSERTIONS = NO;
				ENABLE_STRICT_OBJC_MSGSEND = YES;
				GCC_C_LANGUAGE_STANDARD = gnu99;
				GCC_NO_COMMON_BLOCKS = YES;
				GCC_WARN_64_TO_32_BIT_CONVERSION = YES;
				GCC_WARN_ABOUT_RETURN_TYPE = YES_ERROR;
				GCC_WARN_UNDECLARED_SELECTOR = YES;
				GCC_WARN_UNINITIALIZED_AUTOS = YES_AGGRESSIVE;
				GCC_WARN_UNUSED_FUNCTION = YES;
				GCC_WARN_UNUSED_VARIABLE = YES;
				IPHONEOS_DEPLOYMENT_TARGET = 10.3;
				MTL_ENABLE_DEBUG_INFO = NO;
				SDKROOT = iphoneos;
				SWIFT_OPTIMIZATION_LEVEL = "-Owholemodule";
				TARGETED_DEVICE_FAMILY = "1,2";
				VALIDATE_PRODUCT = YES;
			};
			name = Release;
		};
		34F4FE7A1F75DC9800654D6B /* Debug */ = {
			isa = XCBuildConfiguration;
			buildSettings = {
				ASSETCATALOG_COMPILER_APPICON_NAME = AppIcon;
				INFOPLIST_FILE = "SillyStories-Culbreth2/Info.plist";
				LD_RUNPATH_SEARCH_PATHS = "$(inherited) @executable_path/Frameworks";
				PRODUCT_BUNDLE_IDENTIFIER = "edu.Mills.SillyStories-Culbreth2";
				PRODUCT_NAME = "$(TARGET_NAME)";
				SWIFT_VERSION = 3.0;
			};
			name = Debug;
		};
		34F4FE7B1F75DC9800654D6B /* Release */ = {
			isa = XCBuildConfiguration;
			buildSettings = {
				ASSETCATALOG_COMPILER_APPICON_NAME = AppIcon;
				INFOPLIST_FILE = "SillyStories-Culbreth2/Info.plist";
				LD_RUNPATH_SEARCH_PATHS = "$(inherited) @executable_path/Frameworks";
				PRODUCT_BUNDLE_IDENTIFIER = "edu.Mills.SillyStories-Culbreth2";
				PRODUCT_NAME = "$(TARGET_NAME)";
				SWIFT_VERSION = 3.0;
			};
			name = Release;
		};
/* End XCBuildConfiguration section */

/* Begin XCConfigurationList section */
		34F4FE621F75DC9800654D6B /* Build configuration list for PBXProject "SillyStories-Culbreth2" */ = {
			isa = XCConfigurationList;
			buildConfigurations = (
				34F4FE771F75DC9800654D6B /* Debug */,
				34F4FE781F75DC9800654D6B /* Release */,
			);
			defaultConfigurationIsVisible = 0;
			defaultConfigurationName = Release;
		};
		34F4FE791F75DC9800654D6B /* Build configuration list for PBXNativeTarget "SillyStories-Culbreth2" */ = {
			isa = XCConfigurationList;
			buildConfigurations = (
				34F4FE7A1F75DC9800654D6B /* Debug */,
				34F4FE7B1F75DC9800654D6B /* Release */,
			);
			defaultConfigurationIsVisible = 0;
		};
/* End XCConfigurationList section */
	};
	rootObject = 34F4FE5F1F75DC9800654D6B /* Project object */;
}
